<?xml version="1.0" encoding="utf-8"?>
<Project ToolsVersion="4.0" xmlns="http://schemas.microsoft.com/developer/msbuild/2003">
  <ItemGroup>
    <Filter Include="Source Files">
      <UniqueIdentifier>{4FC737F1-C7A5-4376-A066-2A32D752A2FF}</UniqueIdentifier>
      <Extensions>cpp;c;cc;cxx;c++;cppm;ixx;def;odl;idl;hpj;bat;asm;asmx</Extensions>
    </Filter>
    <Filter Include="Header Files">
      <UniqueIdentifier>{93995380-89BD-4b04-88EB-625FBE52EBFB}</UniqueIdentifier>
      <Extensions>h;hh;hpp;hxx;h++;hm;inl;inc;ipp;xsd</Extensions>
    </Filter>
    <Filter Include="Source Files\core">
      <UniqueIdentifier>{f3e3131c-af7f-4912-a703-2b17b7977998}</UniqueIdentifier>
    </Filter>
    <Filter Include="Header Files\core">
      <UniqueIdentifier>{2b4c5625-5025-4050-835b-69858ab647cd}</UniqueIdentifier>
    </Filter>
    <Filter Include="Header Files\action">
      <UniqueIdentifier>{a75667d8-dd5d-49e4-a3c4-9d32de63917a}</UniqueIdentifier>
    </Filter>
    <Filter Include="Header Files\action\tpl">
      <UniqueIdentifier>{0e09d981-73d3-415a-ae1f-e10c294b6525}</UniqueIdentifier>
    </Filter>
    <Filter Include="Header Files\core\tpl">
      <UniqueIdentifier>{07722b41-0492-474a-a51b-dac1d109c8a6}</UniqueIdentifier>
    </Filter>
    <Filter Include="Header Files\game_states">
      <UniqueIdentifier>{151affea-6c31-409c-ba08-7d4019329587}</UniqueIdentifier>
    </Filter>
    <Filter Include="Source Files\game_states">
      <UniqueIdentifier>{dac68a18-aeee-41e8-8ce9-b416a3064c3e}</UniqueIdentifier>
    </Filter>
    <Filter Include="Resource Files">
      <UniqueIdentifier>{67DA6AB6-F800-4c08-8B7A-83BB121AAD01}</UniqueIdentifier>
      <Extensions>rc;ico;cur;bmp;dlg;rc2;rct;bin;rgs;gif;jpg;jpeg;jpe;resx;tiff;tif;png;wav;mfcribbon-ms</Extensions>
    </Filter>
    <Filter Include="Resource Files\assets">
      <UniqueIdentifier>{45f12985-c6be-4102-b26a-313ce8028c3a}</UniqueIdentifier>
    </Filter>
    <Filter Include="Resource Files\assets\textures">
      <UniqueIdentifier>{666bea81-62f8-4e1a-9e99-45a30f517553}</UniqueIdentifier>
    </Filter>
    <Filter Include="Resource Files\assets\data">
      <UniqueIdentifier>{4f532b3e-fa07-41bc-a606-2ebd1d8aae4d}</UniqueIdentifier>
    </Filter>
    <Filter Include="Resource Files\assets\textures\bgs">
      <UniqueIdentifier>{3df932f1-ce04-4a52-a420-87f9e3e36d18}</UniqueIdentifier>
    </Filter>
    <Filter Include="Resource Files\assets\textures\bgs\bg1">
      <UniqueIdentifier>{dd43c3fa-c5bb-4227-b79f-10c746046288}</UniqueIdentifier>
    </Filter>
    <Filter Include="Resource Files\assets\textures\actors">
      <UniqueIdentifier>{348f1456-63bf-4539-b78a-73ba3eefddea}</UniqueIdentifier>
    </Filter>
    <Filter Include="Resource Files\assets\textures\actors\player">
      <UniqueIdentifier>{c0e66888-a81b-4ceb-a345-1655909eab7d}</UniqueIdentifier>
    </Filter>
    <Filter Include="Resource Files\assets\data\animations">
      <UniqueIdentifier>{e82a659e-3e17-4255-beba-1abb3e46503e}</UniqueIdentifier>
    </Filter>
    <Filter Include="Resource Files\assets\data\animations\actors">
      <UniqueIdentifier>{a9a60909-f2a3-4044-bb9e-4fcf6c7a8512}</UniqueIdentifier>
    </Filter>
    <Filter Include="Resource Files\assets\fonts">
      <UniqueIdentifier>{3cc7f605-8e52-45be-a53d-3ff792484957}</UniqueIdentifier>
    </Filter>
    <Filter Include="Header Files\visual">
      <UniqueIdentifier>{9746c1db-0930-461d-99ac-91b6b74644ce}</UniqueIdentifier>
    </Filter>
    <Filter Include="Source Files\visual">
      <UniqueIdentifier>{eb014774-4796-4ede-84fc-c924f98b569f}</UniqueIdentifier>
    </Filter>
    <Filter Include="Source Files\entities">
      <UniqueIdentifier>{118ceb75-2599-444b-8a28-53d7d8198963}</UniqueIdentifier>
    </Filter>
    <Filter Include="Header Files\entities">
      <UniqueIdentifier>{5aebff1d-f2f9-41fe-b042-2c5831e2f83b}</UniqueIdentifier>
    </Filter>
    <Filter Include="Source Files\core\action">
      <UniqueIdentifier>{8cd9ba7f-2b6b-4ee9-9b8b-37099ba8a6a6}</UniqueIdentifier>
    </Filter>
    <Filter Include="Resource Files\assets\data\animations\actors\enemies">
      <UniqueIdentifier>{9dfe21bf-e50a-456e-9459-d4542eed693a}</UniqueIdentifier>
    </Filter>
    <Filter Include="Resource Files\assets\textures\actors\enemies">
      <UniqueIdentifier>{64c77315-a9d9-46bd-9ead-01f840cc4c75}</UniqueIdentifier>
    </Filter>
    <Filter Include="Header Files\entities\enemies">
      <UniqueIdentifier>{7a5bbc91-8d22-45bc-bd48-6cf833279531}</UniqueIdentifier>
    </Filter>
    <Filter Include="Source Files\entities\enemies">
      <UniqueIdentifier>{eba38ac4-4b74-4a77-bc69-65522779d360}</UniqueIdentifier>
    </Filter>
    <Filter Include="Resource Files\assets\music">
      <UniqueIdentifier>{68a22fa7-f8d0-42f9-b8ec-8781f534597c}</UniqueIdentifier>
    </Filter>
    <Filter Include="Resource Files\assets\sound">
      <UniqueIdentifier>{de7c42ee-9406-4bda-9fab-1530a8b35839}</UniqueIdentifier>
    </Filter>
    <Filter Include="Resource Files\assets\sound\combat">
      <UniqueIdentifier>{e4c7fe4f-3081-416e-9d71-6072b71e8324}</UniqueIdentifier>
    </Filter>
    <Filter Include="Resource Files\assets\sound\combat\goblin">
      <UniqueIdentifier>{3b58bb5c-974f-4f40-b315-c59c86dbf6bf}</UniqueIdentifier>
    </Filter>
  </ItemGroup>
  <ItemGroup>
    <ClCompile Include="main.cpp">
      <Filter>Source Files</Filter>
    </ClCompile>
    <ClCompile Include="src\core\Cfg.cpp">
      <Filter>Source Files\core</Filter>
    </ClCompile>
    <ClCompile Include="src\core\Game.cpp">
      <Filter>Source Files\core</Filter>
    </ClCompile>
    <ClCompile Include="src\core\globals.cpp">
      <Filter>Source Files\core</Filter>
    </ClCompile>
    <ClCompile Include="src\core\rec.cpp">
      <Filter>Source Files\core</Filter>
    </ClCompile>
    <ClCompile Include="src\action\Action.cpp">
      <Filter>Source Files\core\action</Filter>
    </ClCompile>
    <ClCompile Include="src\core\GameState.cpp">
      <Filter>Source Files\core</Filter>
    </ClCompile>
    <ClCompile Include="src\core\GameStateMgr.cpp">
      <Filter>Source Files\core</Filter>
    </ClCompile>
    <ClCompile Include="src\game_states\PausedState.cpp">
      <Filter>Source Files\game_states</Filter>
    </ClCompile>
    <ClCompile Include="src\game_states\PlayState.cpp">
      <Filter>Source Files\game_states</Filter>
    </ClCompile>
    <ClCompile Include="src\game_states\SplashState..cpp">
      <Filter>Source Files\game_states</Filter>
    </ClCompile>
    <ClCompile Include="src\game_states\TitleState.cpp">
      <Filter>Source Files\game_states</Filter>
    </ClCompile>
    <ClCompile Include="src\game_states\StageClearState.cpp">
      <Filter>Source Files\game_states</Filter>
    </ClCompile>
    <ClCompile Include="src\visual\Animation.cpp">
      <Filter>Source Files\visual</Filter>
    </ClCompile>
    <ClCompile Include="src\visual\AnimMap.cpp">
      <Filter>Source Files\visual</Filter>
    </ClCompile>
    <ClCompile Include="src\visual\AnimMgr.cpp">
      <Filter>Source Files\visual</Filter>
    </ClCompile>
    <ClCompile Include="src\entities\player\Player.cpp">
      <Filter>Source Files\entities</Filter>
    </ClCompile>
    <ClCompile Include="src\entities\enemies\goblin\Goblin.cpp">
      <Filter>Source Files\entities\enemies</Filter>
    </ClCompile>
  </ItemGroup>
  <ItemGroup>
    <ClInclude Include="src\core\Cfg.h">
      <Filter>Header Files\core</Filter>
    </ClInclude>
    <ClInclude Include="src\core\Game.h">
      <Filter>Header Files\core</Filter>
    </ClInclude>
    <ClInclude Include="src\core\GameState.h">
      <Filter>Header Files\core</Filter>
    </ClInclude>
    <ClInclude Include="src\core\GameStateMgr.h">
      <Filter>Header Files\core</Filter>
    </ClInclude>
    <ClInclude Include="src\core\globals.h">
      <Filter>Header Files\core</Filter>
    </ClInclude>
    <ClInclude Include="src\core\rec.h">
      <Filter>Header Files\core</Filter>
    </ClInclude>
    <ClInclude Include="src\core\ResourceManager.h">
      <Filter>Header Files\core</Filter>
    </ClInclude>
    <ClInclude Include="src\action\Action.h">
      <Filter>Header Files\action</Filter>
    </ClInclude>
    <ClInclude Include="src\action\ActionMap.h">
      <Filter>Header Files\action</Filter>
    </ClInclude>
    <ClInclude Include="src\action\ActionTarget.h">
      <Filter>Header Files\action</Filter>
    </ClInclude>
    <ClInclude Include="src\game_states\PausedState.h">
      <Filter>Header Files\game_states</Filter>
    </ClInclude>
    <ClInclude Include="src\game_states\PlayState.h">
      <Filter>Header Files\game_states</Filter>
    </ClInclude>
    <ClInclude Include="src\game_states\SplashState.h">
      <Filter>Header Files\game_states</Filter>
    </ClInclude>
    <ClInclude Include="src\game_states\TitleState.h">
      <Filter>Header Files\game_states</Filter>
    </ClInclude>
    <ClInclude Include="src\game_states\StageClearState.h">
      <Filter>Header Files\game_states</Filter>
    </ClInclude>
    <ClInclude Include="src\visual\AnimData.h">
      <Filter>Header Files\visual</Filter>
    </ClInclude>
    <ClInclude Include="src\visual\Animation.h">
      <Filter>Header Files\visual</Filter>
    </ClInclude>
    <ClInclude Include="src\visual\AnimMap.h">
      <Filter>Header Files\visual</Filter>
    </ClInclude>
    <ClInclude Include="src\visual\AnimMgr.h">
      <Filter>Header Files\visual</Filter>
    </ClInclude>
    <ClInclude Include="src\entities\player\Player.h">
      <Filter>Header Files\entities</Filter>
    </ClInclude>
    <ClInclude Include="src\entities\enemies\goblin\Goblin.h">
      <Filter>Header Files\entities\enemies</Filter>
    </ClInclude>
  </ItemGroup>
  <ItemGroup>
    <None Include="src\core\tpl\ResourceManager.tpl">
      <Filter>Header Files\core\tpl</Filter>
    </None>
    <None Include="src\action\tpl\ActionMap.tpl">
      <Filter>Header Files\action\tpl</Filter>
    </None>
    <None Include="src\action\tpl\ActionTarget.tpl">
      <Filter>Header Files\action\tpl</Filter>
    </None>
    <None Include="assets\data\animations\actors\player.dat">
      <Filter>Resource Files\assets\data\animations\actors</Filter>
    </None>
    <None Include="assets\data\animations\actors\enemies\goblin.dat">
      <Filter>Resource Files\assets\data\animations\actors\enemies</Filter>
    </None>
    <None Include="assets\sound\combat\Sword1.ogg">
      <Filter>Resource Files\assets\sound\combat</Filter>
    </None>
    <None Include="assets\sound\combat\Sword2.ogg">
      <Filter>Resource Files\assets\sound\combat</Filter>
    </None>
    <None Include="assets\sound\combat\goblin\death.ogg">
      <Filter>Resource Files\assets\sound\combat\goblin</Filter>
    </None>
    <None Include="assets\sound\combat\goblin\hurt.ogg">
      <Filter>Resource Files\assets\sound\combat\goblin</Filter>
    </None>
  </ItemGroup>
  <ItemGroup>
    <Image Include="assets\textures\bgs\bg1\bgLayer1.png">
      <Filter>Resource Files\assets\textures\bgs\bg1</Filter>
    </Image>
    <Image Include="assets\textures\bgs\bg1\bgLayer2.png">
      <Filter>Resource Files\assets\textures\bgs\bg1</Filter>
    </Image>
    <Image Include="assets\textures\bgs\bg1\bgLayer3.png">
      <Filter>Resource Files\assets\textures\bgs\bg1</Filter>
    </Image>
    <Image Include="assets\textures\bgs\bg1\bgLayer4.png">
      <Filter>Resource Files\assets\textures\bgs\bg1</Filter>
    </Image>
    <Image Include="assets\textures\bgs\bg1\bgLayer5.png">
      <Filter>Resource Files\assets\textures\bgs\bg1</Filter>
    </Image>
    <Image Include="assets\textures\actors\player\WarriorBig3_229x132.png">
      <Filter>Resource Files\assets\textures\actors\player</Filter>
    </Image>
    <Image Include="assets\textures\actors\enemies\goblinAtlas300x300.png">
      <Filter>Resource Files\assets\textures\actors\enemies</Filter>
    </Image>
  </ItemGroup>
  <ItemGroup>
    <Font Include="assets\fonts\frisky_puppy.ttf">
      <Filter>Resource Files\assets\fonts</Filter>
    </Font>
  </ItemGroup>
  <ItemGroup>
    <Media Include="assets\music\Intro.mp3">
      <Filter>Resource Files\assets\music</Filter>
    </Media>
    <Media Include="assets\sound\combat\goblin\attack.mp3">
      <Filter>Resource Files\assets\sound\combat\goblin</Filter>
    </Media>
    <Media Include="assets\sound\combat\goblin\death.mp3">
      <Filter>Resource Files\assets\sound\combat\goblin</Filter>
    </Media>
    <Media Include="assets\sound\combat\goblin\die1.wav">
      <Filter>Resource Files\assets\sound\combat\goblin</Filter>
    </Media>
    <Media Include="assets\sound\combat\goblin\yell.wav">
      <Filter>Resource Files\assets\sound\combat\goblin</Filter>
    </Media>
    <Media Include="assets\sound\combat\goblin\hit.wav">
      <Filter>Resource Files\assets\sound\combat\goblin</Filter>
    </Media>
    <Media Include="assets\sound\combat\goblin\grunts.mp3">
      <Filter>Resource Files\assets\sound\combat\goblin</Filter>
    </Media>
    <Media Include="assets\sound\combat\goblin\scream.mp3">
      <Filter>Resource Files\assets\sound\combat\goblin</Filter>
    </Media>
  </ItemGroup>
</Project>